// !$*UTF8*$!
{
	archiveVersion = 1;
	classes = {
	};
	objectVersion = 46;
	objects = {

/* Begin PBXBuildFile section */
		212AD72B1CD67A5E005C7605 /* MenuLateralVC.swift in Sources */ = {isa = PBXBuildFile; fileRef = 212AD72A1CD67A5E005C7605 /* MenuLateralVC.swift */; };
		2149AAEE1CD33F6900E15161 /* AppDelegate.swift in Sources */ = {isa = PBXBuildFile; fileRef = 2149AAED1CD33F6900E15161 /* AppDelegate.swift */; };
		2149AAF01CD33F6900E15161 /* ViewController.swift in Sources */ = {isa = PBXBuildFile; fileRef = 2149AAEF1CD33F6900E15161 /* ViewController.swift */; };
		2149AAF31CD33F6900E15161 /* Main.storyboard in Resources */ = {isa = PBXBuildFile; fileRef = 2149AAF11CD33F6900E15161 /* Main.storyboard */; };
		2149AAF61CD33F6900E15161 /* e_xpenses_ios.xcdatamodeld in Sources */ = {isa = PBXBuildFile; fileRef = 2149AAF41CD33F6900E15161 /* e_xpenses_ios.xcdatamodeld */; };
		2149AAF81CD33F6900E15161 /* Assets.xcassets in Resources */ = {isa = PBXBuildFile; fileRef = 2149AAF71CD33F6900E15161 /* Assets.xcassets */; };
		2149AAFB1CD33F6900E15161 /* LaunchScreen.storyboard in Resources */ = {isa = PBXBuildFile; fileRef = 2149AAF91CD33F6900E15161 /* LaunchScreen.storyboard */; };
		2149AB071CD3D8C100E15161 /* SWRevealViewController.m in Sources */ = {isa = PBXBuildFile; fileRef = 2149AB061CD3D8C100E15161 /* SWRevealViewController.m */; };
		2149AB091CD3DB4700E15161 /* TableViewController.swift in Sources */ = {isa = PBXBuildFile; fileRef = 2149AB081CD3DB4700E15161 /* TableViewController.swift */; };
		2149AB0D1CD3FD4C00E15161 /* AnticiposCell.swift in Sources */ = {isa = PBXBuildFile; fileRef = 2149AB0C1CD3FD4C00E15161 /* AnticiposCell.swift */; };
		217C1D3E1D06BB9500721E5A /* FacturaViewController.swift in Sources */ = {isa = PBXBuildFile; fileRef = 217C1D3D1D06BB9500721E5A /* FacturaViewController.swift */; };
		21CD95101D06400900670AB9 /* NodoXml.swift in Sources */ = {isa = PBXBuildFile; fileRef = 21CD950F1D06400900670AB9 /* NodoXml.swift */; };
		21D82FB61CD7B10D00ABB63E /* AnticipoDetalleVC.swift in Sources */ = {isa = PBXBuildFile; fileRef = 21D82FB51CD7B10D00ABB63E /* AnticipoDetalleVC.swift */; };
		21D82FB81CD7BAC800ABB63E /* Seccion.swift in Sources */ = {isa = PBXBuildFile; fileRef = 21D82FB71CD7BAC800ABB63E /* Seccion.swift */; };
		21D82FBD1CD7C28A00ABB63E /* Anticipo.swift in Sources */ = {isa = PBXBuildFile; fileRef = 21D82FBC1CD7C28A00ABB63E /* Anticipo.swift */; };
/* End PBXBuildFile section */

/* Begin PBXFileReference section */
		212AD72A1CD67A5E005C7605 /* MenuLateralVC.swift */ = {isa = PBXFileReference; fileEncoding = 4; lastKnownFileType = sourcecode.swift; path = MenuLateralVC.swift; sourceTree = "<group>"; };
		2149AAEA1CD33F6900E15161 /* e-xpenses_ios.app */ = {isa = PBXFileReference; explicitFileType = wrapper.application; includeInIndex = 0; path = "e-xpenses_ios.app"; sourceTree = BUILT_PRODUCTS_DIR; };
		2149AAED1CD33F6900E15161 /* AppDelegate.swift */ = {isa = PBXFileReference; lastKnownFileType = sourcecode.swift; path = AppDelegate.swift; sourceTree = "<group>"; };
		2149AAEF1CD33F6900E15161 /* ViewController.swift */ = {isa = PBXFileReference; lastKnownFileType = sourcecode.swift; path = ViewController.swift; sourceTree = "<group>"; };
		2149AAF21CD33F6900E15161 /* Base */ = {isa = PBXFileReference; lastKnownFileType = file.storyboard; name = Base; path = Base.lproj/Main.storyboard; sourceTree = "<group>"; };
		2149AAF51CD33F6900E15161 /* e_xpenses_ios.xcdatamodel */ = {isa = PBXFileReference; lastKnownFileType = wrapper.xcdatamodel; path = e_xpenses_ios.xcdatamodel; sourceTree = "<group>"; };
		2149AAF71CD33F6900E15161 /* Assets.xcassets */ = {isa = PBXFileReference; lastKnownFileType = folder.assetcatalog; path = Assets.xcassets; sourceTree = "<group>"; };
		2149AAFA1CD33F6900E15161 /* Base */ = {isa = PBXFileReference; lastKnownFileType = file.storyboard; name = Base; path = Base.lproj/LaunchScreen.storyboard; sourceTree = "<group>"; };
		2149AAFC1CD33F6900E15161 /* Info.plist */ = {isa = PBXFileReference; lastKnownFileType = text.plist.xml; path = Info.plist; sourceTree = "<group>"; };
		2149AB041CD3D8C000E15161 /* e-xpenses_ios-Bridging-Header.h */ = {isa = PBXFileReference; lastKnownFileType = sourcecode.c.h; path = "e-xpenses_ios-Bridging-Header.h"; sourceTree = "<group>"; };
		2149AB051CD3D8C100E15161 /* SWRevealViewController.h */ = {isa = PBXFileReference; fileEncoding = 4; lastKnownFileType = sourcecode.c.h; path = SWRevealViewController.h; sourceTree = "<group>"; };
		2149AB061CD3D8C100E15161 /* SWRevealViewController.m */ = {isa = PBXFileReference; fileEncoding = 4; lastKnownFileType = sourcecode.c.objc; path = SWRevealViewController.m; sourceTree = "<group>"; };
		2149AB081CD3DB4700E15161 /* TableViewController.swift */ = {isa = PBXFileReference; fileEncoding = 4; lastKnownFileType = sourcecode.swift; path = TableViewController.swift; sourceTree = "<group>"; };
		2149AB0C1CD3FD4C00E15161 /* AnticiposCell.swift */ = {isa = PBXFileReference; fileEncoding = 4; lastKnownFileType = sourcecode.swift; path = AnticiposCell.swift; sourceTree = "<group>"; };
		217C1D3D1D06BB9500721E5A /* FacturaViewController.swift */ = {isa = PBXFileReference; fileEncoding = 4; lastKnownFileType = sourcecode.swift; path = FacturaViewController.swift; sourceTree = "<group>"; };
		21CD950F1D06400900670AB9 /* NodoXml.swift */ = {isa = PBXFileReference; fileEncoding = 4; lastKnownFileType = sourcecode.swift; path = NodoXml.swift; sourceTree = "<group>"; };
		21D82FB51CD7B10D00ABB63E /* AnticipoDetalleVC.swift */ = {isa = PBXFileReference; fileEncoding = 4; lastKnownFileType = sourcecode.swift; path = AnticipoDetalleVC.swift; sourceTree = "<group>"; };
		21D82FB71CD7BAC800ABB63E /* Seccion.swift */ = {isa = PBXFileReference; fileEncoding = 4; lastKnownFileType = sourcecode.swift; path = Seccion.swift; sourceTree = "<group>"; };
		21D82FBC1CD7C28A00ABB63E /* Anticipo.swift */ = {isa = PBXFileReference; fileEncoding = 4; lastKnownFileType = sourcecode.swift; path = Anticipo.swift; sourceTree = "<group>"; };
/* End PBXFileReference section */

/* Begin PBXFrameworksBuildPhase section */
		2149AAE71CD33F6900E15161 /* Frameworks */ = {
			isa = PBXFrameworksBuildPhase;
			buildActionMask = 2147483647;
			files = (
			);
			runOnlyForDeploymentPostprocessing = 0;
		};
/* End PBXFrameworksBuildPhase section */

/* Begin PBXGroup section */
		21360E8F1CD73A95006E80EE /* Supporting Files */ = {
			isa = PBXGroup;
			children = (
			);
			name = "Supporting Files";
			sourceTree = "<group>";
		};
		2149AAE11CD33F6900E15161 = {
			isa = PBXGroup;
			children = (
				2149AAEC1CD33F6900E15161 /* e-xpenses_ios */,
				2149AAEB1CD33F6900E15161 /* Products */,
			);
			sourceTree = "<group>";
		};
		2149AAEB1CD33F6900E15161 /* Products */ = {
			isa = PBXGroup;
			children = (
				2149AAEA1CD33F6900E15161 /* e-xpenses_ios.app */,
			);
			name = Products;
			sourceTree = "<group>";
		};
		2149AAEC1CD33F6900E15161 /* e-xpenses_ios */ = {
			isa = PBXGroup;
			children = (
				21D82FB91CD7BB3A00ABB63E /* entitys */,
				21360E8F1CD73A95006E80EE /* Supporting Files */,
				2149AB051CD3D8C100E15161 /* SWRevealViewController.h */,
				2149AB061CD3D8C100E15161 /* SWRevealViewController.m */,
				2149AAED1CD33F6900E15161 /* AppDelegate.swift */,
				2149AAEF1CD33F6900E15161 /* ViewController.swift */,
				2149AAF11CD33F6900E15161 /* Main.storyboard */,
				2149AAF71CD33F6900E15161 /* Assets.xcassets */,
				2149AAF91CD33F6900E15161 /* LaunchScreen.storyboard */,
				2149AAFC1CD33F6900E15161 /* Info.plist */,
				2149AAF41CD33F6900E15161 /* e_xpenses_ios.xcdatamodeld */,
				2149AB041CD3D8C000E15161 /* e-xpenses_ios-Bridging-Header.h */,
				2149AB081CD3DB4700E15161 /* TableViewController.swift */,
				21D82FB51CD7B10D00ABB63E /* AnticipoDetalleVC.swift */,
				2149AB0C1CD3FD4C00E15161 /* AnticiposCell.swift */,
				212AD72A1CD67A5E005C7605 /* MenuLateralVC.swift */,
				217C1D3D1D06BB9500721E5A /* FacturaViewController.swift */,
			);
			path = "e-xpenses_ios";
			sourceTree = "<group>";
		};
		21D82FB91CD7BB3A00ABB63E /* entitys */ = {
			isa = PBXGroup;
			children = (
				21D82FBB1CD7BB4D00ABB63E /* clases */,
				21D82FBA1CD7BB4600ABB63E /* structs */,
			);
			name = entitys;
			sourceTree = "<group>";
		};
		21D82FBA1CD7BB4600ABB63E /* structs */ = {
			isa = PBXGroup;
			children = (
				21D82FB71CD7BAC800ABB63E /* Seccion.swift */,
				21CD950F1D06400900670AB9 /* NodoXml.swift */,
			);
			name = structs;
			sourceTree = "<group>";
		};
		21D82FBB1CD7BB4D00ABB63E /* clases */ = {
			isa = PBXGroup;
			children = (
				21D82FBC1CD7C28A00ABB63E /* Anticipo.swift */,
			);
			name = clases;
			sourceTree = "<group>";
		};
/* End PBXGroup section */

/* Begin PBXNativeTarget section */
		2149AAE91CD33F6900E15161 /* e-xpenses_ios */ = {
			isa = PBXNativeTarget;
			buildConfigurationList = 2149AAFF1CD33F6900E15161 /* Build configuration list for PBXNativeTarget "e-xpenses_ios" */;
			buildPhases = (
				2149AAE61CD33F6900E15161 /* Sources */,
				2149AAE71CD33F6900E15161 /* Frameworks */,
				2149AAE81CD33F6900E15161 /* Resources */,
			);
			buildRules = (
			);
			dependencies = (
			);
			name = "e-xpenses_ios";
			productName = "e-xpenses_ios";
			productReference = 2149AAEA1CD33F6900E15161 /* e-xpenses_ios.app */;
			productType = "com.apple.product-type.application";
		};
/* End PBXNativeTarget section */

/* Begin PBXProject section */
		2149AAE21CD33F6900E15161 /* Project object */ = {
			isa = PBXProject;
			attributes = {
				LastSwiftUpdateCheck = 0730;
				LastUpgradeCheck = 0730;
				ORGANIZATIONNAME = masnegocio;
				TargetAttributes = {
					2149AAE91CD33F6900E15161 = {
						CreatedOnToolsVersion = 7.3;
						DevelopmentTeam = Z865FK882L;
					};
				};
			};
			buildConfigurationList = 2149AAE51CD33F6900E15161 /* Build configuration list for PBXProject "e-xpenses_ios" */;
			compatibilityVersion = "Xcode 3.2";
			developmentRegion = English;
			hasScannedForEncodings = 0;
			knownRegions = (
				en,
				Base,
			);
			mainGroup = 2149AAE11CD33F6900E15161;
			productRefGroup = 2149AAEB1CD33F6900E15161 /* Products */;
			projectDirPath = "";
			projectRoot = "";
			targets = (
				2149AAE91CD33F6900E15161 /* e-xpenses_ios */,
			);
		};
/* End PBXProject section */

/* Begin PBXResourcesBuildPhase section */
		2149AAE81CD33F6900E15161 /* Resources */ = {
			isa = PBXResourcesBuildPhase;
			buildActionMask = 2147483647;
			files = (
				2149AAFB1CD33F6900E15161 /* LaunchScreen.storyboard in Resources */,
				2149AAF81CD33F6900E15161 /* Assets.xcassets in Resources */,
				2149AAF31CD33F6900E15161 /* Main.storyboard in Resources */,
			);
			runOnlyForDeploymentPostprocessing = 0;
		};
/* End PBXResourcesBuildPhase section */

/* Begin PBXSourcesBuildPhase section */
		2149AAE61CD33F6900E15161 /* Sources */ = {
			isa = PBXSourcesBuildPhase;
			buildActionMask = 2147483647;
			files = (
				2149AAF01CD33F6900E15161 /* ViewController.swift in Sources */,
				21D82FB81CD7BAC800ABB63E /* Seccion.swift in Sources */,
				21D82FBD1CD7C28A00ABB63E /* Anticipo.swift in Sources */,
				2149AAF61CD33F6900E15161 /* e_xpenses_ios.xcdatamodeld in Sources */,
				21CD95101D06400900670AB9 /* NodoXml.swift in Sources */,
				2149AAEE1CD33F6900E15161 /* AppDelegate.swift in Sources */,
				2149AB091CD3DB4700E15161 /* TableViewController.swift in Sources */,
				2149AB0D1CD3FD4C00E15161 /* AnticiposCell.swift in Sources */,
				21D82FB61CD7B10D00ABB63E /* AnticipoDetalleVC.swift in Sources */,
				2149AB071CD3D8C100E15161 /* SWRevealViewController.m in Sources */,
				212AD72B1CD67A5E005C7605 /* MenuLateralVC.swift in Sources */,
				217C1D3E1D06BB9500721E5A /* FacturaViewController.swift in Sources */,
			);
			runOnlyForDeploymentPostprocessing = 0;
		};
/* End PBXSourcesBuildPhase section */

/* Begin PBXVariantGroup section */
		2149AAF11CD33F6900E15161 /* Main.storyboard */ = {
			isa = PBXVariantGroup;
			children = (
				2149AAF21CD33F6900E15161 /* Base */,
			);
			name = Main.storyboard;
			sourceTree = "<group>";
		};
		2149AAF91CD33F6900E15161 /* LaunchScreen.storyboard */ = {
			isa = PBXVariantGroup;
			children = (
				2149AAFA1CD33F6900E15161 /* Base */,
			);
			name = LaunchScreen.storyboard;
			sourceTree = "<group>";
		};
/* End PBXVariantGroup section */

/* Begin XCBuildConfiguration section */
		2149AAFD1CD33F6900E15161 /* Debug */ = {
			isa = XCBuildConfiguration;
			buildSettings = {
				ALWAYS_SEARCH_USER_PATHS = NO;
				CLANG_ANALYZER_NONNULL = YES;
				CLANG_CXX_LANGUAGE_STANDARD = "gnu++0x";
				CLANG_CXX_LIBRARY = "libc++";
				CLANG_ENABLE_MODULES = YES;
				CLANG_ENABLE_OBJC_ARC = YES;
				CLANG_WARN_BOOL_CONVERSION = YES;
				CLANG_WARN_CONSTANT_CONVERSION = YES;
				CLANG_WARN_DIRECT_OBJC_ISA_USAGE = YES_ERROR;
				CLANG_WARN_EMPTY_BODY = YES;
				CLANG_WARN_ENUM_CONVERSION = YES;
				CLANG_WARN_INT_CONVERSION = YES;
				CLANG_WARN_OBJC_ROOT_CLASS = YES_ERROR;
				CLANG_WARN_UNREACHABLE_CODE = YES;
				CLANG_WARN__DUPLICATE_METHOD_MATCH = YES;
				"CODE_SIGN_IDENTITY[sdk=iphoneos*]" = "iPhone Developer";
				COPY_PHASE_STRIP = NO;
				DEBUG_INFORMATION_FORMAT = dwarf;
				ENABLE_STRICT_OBJC_MSGSEND = YES;
				ENABLE_TESTABILITY = YES;
				GCC_C_LANGUAGE_STANDARD = gnu99;
				GCC_DYNAMIC_NO_PIC = NO;
				GCC_NO_COMMON_BLOCKS = YES;
				GCC_OPTIMIZATION_LEVEL = 0;
				GCC_PREPROCESSOR_DEFINITIONS = (
					"DEBUG=1",
					"$(inherited)",
				);
				GCC_WARN_64_TO_32_BIT_CONVERSION = YES;
				GCC_WARN_ABOUT_RETURN_TYPE = YES_ERROR;
				GCC_WARN_UNDECLARED_SELECTOR = YES;
				GCC_WARN_UNINITIALIZED_AUTOS = YES_AGGRESSIVE;
				GCC_WARN_UNUSED_FUNCTION = YES;
				GCC_WARN_UNUSED_VARIABLE = YES;
				IPHONEOS_DEPLOYMENT_TARGET = 9.3;
				MTL_ENABLE_DEBUG_INFO = YES;
				ONLY_ACTIVE_ARCH = YES;
				SDKROOT = iphoneos;
				SWIFT_OPTIMIZATION_LEVEL = "-Onone";
			};
			name = Debug;
		};
		2149AAFE1CD33F6900E15161 /* Release */ = {
			isa = XCBuildConfiguration;
			buildSettings = {
				ALWAYS_SEARCH_USER_PATHS = NO;
				CLANG_ANALYZER_NONNULL = YES;
				CLANG_CXX_LANGUAGE_STANDARD = "gnu++0x";
				CLANG_CXX_LIBRARY = "libc++";
				CLANG_ENABLE_MODULES = YES;
				CLANG_ENABLE_OBJC_ARC = YES;
				CLANG_WARN_BOOL_CONVERSION = YES;
				CLANG_WARN_CONSTANT_CONVERSION = YES;
				CLANG_WARN_DIRECT_OBJC_ISA_USAGE = YES_ERROR;
				CLANG_WARN_EMPTY_BODY = YES;
				CLANG_WARN_ENUM_CONVERSION = YES;
				CLANG_WARN_INT_CONVERSION = YES;
				CLANG_WARN_OBJC_ROOT_CLASS = YES_ERROR;
				CLANG_WARN_UNREACHABLE_CODE = YES;
				CLANG_WARN__DUPLICATE_METHOD_MATCH = YES;
				"CODE_SIGN_IDENTITY[sdk=iphoneos*]" = "iPhone Developer";
				COPY_PHASE_STRIP = NO;
				DEBUG_INFORMATION_FORMAT = "dwarf-with-dsym";
				ENABLE_NS_ASSERTIONS = NO;
				ENABLE_STRICT_OBJC_MSGSEND = YES;
				GCC_C_LANGUAGE_STANDARD = gnu99;
				GCC_NO_COMMON_BLOCKS = YES;
				GCC_WARN_64_TO_32_BIT_CONVERSION = YES;
				GCC_WARN_ABOUT_RETURN_TYPE = YES_ERROR;
				GCC_WARN_UNDECLARED_SELECTOR = YES;
				GCC_WARN_UNINITIALIZED_AUTOS = YES_AGGRESSIVE;
				GCC_WARN_UNUSED_FUNCTION = YES;
				GCC_WARN_UNUSED_VARIABLE = YES;
				IPHONEOS_DEPLOYMENT_TARGET = 9.3;
				MTL_ENABLE_DEBUG_INFO = NO;
				SDKROOT = iphoneos;
				VALIDATE_PRODUCT = YES;
			};
			name = Release;
		};
		2149AB001CD33F6900E15161 /* Debug */ = {
			isa = XCBuildConfiguration;
			buildSettings = {
				ASSETCATALOG_COMPILER_APPICON_NAME = AppIcon;
				CLANG_ENABLE_MODULES = YES;
				CODE_SIGN_IDENTITY = "iPhone Developer";
				"CODE_SIGN_IDENTITY[sdk=iphoneos*]" = "iPhone Developer";
				INFOPLIST_FILE = "e-xpenses_ios/Info.plist";
				LD_RUNPATH_SEARCH_PATHS = "$(inherited) @executable_path/Frameworks";
				PRODUCT_BUNDLE_IDENTIFIER = "com.masnegocio.e-xpenses-ios";
				PRODUCT_NAME = "$(TARGET_NAME)";
				PROVISIONING_PROFILE = "";
				SWIFT_OBJC_BRIDGING_HEADER = "e-xpenses_ios/e-xpenses_ios-Bridging-Header.h";
				SWIFT_OPTIMIZATION_LEVEL = "-Onone";
			};
			name = Debug;
		};
		2149AB011CD33F6900E15161 /* Release */ = {
			isa = XCBuildConfiguration;
			buildSettings = {
				ASSETCATALOG_COMPILER_APPICON_NAME = AppIcon;
				CLANG_ENABLE_MODULES = YES;
				CODE_SIGN_IDENTITY = "iPhone Developer";
				"CODE_SIGN_IDENTITY[sdk=iphoneos*]" = "iPhone Developer";
				INFOPLIST_FILE = "e-xpenses_ios/Info.plist";
				LD_RUNPATH_SEARCH_PATHS = "$(inherited) @executable_path/Frameworks";
				PRODUCT_BUNDLE_IDENTIFIER = "com.masnegocio.e-xpenses-ios";
				PRODUCT_NAME = "$(TARGET_NAME)";
				PROVISIONING_PROFILE = "";
				SWIFT_OBJC_BRIDGING_HEADER = "e-xpenses_ios/e-xpenses_ios-Bridging-Header.h";
			};
			name = Release;
		};
/* End XCBuildConfiguration section */

/* Begin XCConfigurationList section */
		2149AAE51CD33F6900E15161 /* Build configuration list for PBXProject "e-xpenses_ios" */ = {
			isa = XCConfigurationList;
			buildConfigurations = (
				2149AAFD1CD33F6900E15161 /* Debug */,
				2149AAFE1CD33F6900E15161 /* Release */,
			);
			defaultConfigurationIsVisible = 0;
			defaultConfigurationName = Release;
		};
		2149AAFF1CD33F6900E15161 /* Build configuration list for PBXNativeTarget "e-xpenses_ios" */ = {
			isa = XCConfigurationList;
			buildConfigurations = (
				2149AB001CD33F6900E15161 /* Debug */,
				2149AB011CD33F6900E15161 /* Release */,
			);
			defaultConfigurationIsVisible = 0;
			defaultConfigurationName = Release;
		};
/* End XCConfigurationList section */

/* Begin XCVersionGroup section */
		2149AAF41CD33F6900E15161 /* e_xpenses_ios.xcdatamodeld */ = {
			isa = XCVersionGroup;
			children = (
				2149AAF51CD33F6900E15161 /* e_xpenses_ios.xcdatamodel */,
			);
			currentVersion = 2149AAF51CD33F6900E15161 /* e_xpenses_ios.xcdatamodel */;
			path = e_xpenses_ios.xcdatamodeld;
			sourceTree = "<group>";
			versionGroupType = wrapper.xcdatamodel;
		};
/* End XCVersionGroup section */
	};
	rootObject = 2149AAE21CD33F6900E15161 /* Project object */;
}
